{
  "nodes": {
    "flake-utils": {
      "inputs": {
        "systems": "systems"
      },
      "locked": {
        "lastModified": 1701680307,
        "narHash": "sha256-kAuep2h5ajznlPMD9rnQyffWG8EM/C73lejGofXvdM8=",
        "owner": "numtide",
        "repo": "flake-utils",
        "rev": "4022d587cbbfd70fe950c1e2083a02621806a725",
        "type": "github"
      },
      "original": {
        "id": "flake-utils",
        "type": "indirect"
      }
    },
    "home-manager": {
      "inputs": {
        "nixpkgs": [
          "nixpkgs"
        ]
      },
      "locked": {
        "lastModified": 1707114923,
        "narHash": "sha256-LDYPWa+BgxHSNEye93SyIPgz5u3RAfh78P9KyO+rQzI=",
        "owner": "nix-community",
        "repo": "home-manager",
        "rev": "afcedcf2c8e424d0465e823cf833eb3adebe1db7",
        "type": "github"
      },
      "original": {
        "owner": "nix-community",
        "repo": "home-manager",
        "type": "github"
      }
    },
    "jovian": {
      "inputs": {
        "nix-github-actions": "nix-github-actions",
        "nixpkgs": [
          "nixpkgs"
        ]
      },
      "locked": {
        "lastModified": 1707082092,
        "narHash": "sha256-icyIxbBXl1iG8gvF/gjGI5N4Phpoo1vFcQxmUz2DsNA=",
        "owner": "Jovian-Experiments",
        "repo": "Jovian-NixOS",
        "rev": "3a9a168c04218418a6321e157b0f7a31a9ca342c",
        "type": "github"
      },
      "original": {
        "owner": "Jovian-Experiments",
        "repo": "Jovian-NixOS",
        "type": "github"
      }
    },
    "mkdocs-pkgs": {
      "locked": {
        "lastModified": 1704196875,
        "narHash": "sha256-AhEXx3uu32cnIOjIR3B2NMzqzwXfJYNPgVNfHQGYKzs=",
        "owner": "NixOS",
        "repo": "nixpkgs",
        "rev": "0c6502e9830a7bf25258731316dd3c72fb08f94c",
        "type": "github"
      },
      "original": {
        "owner": "NixOS",
        "ref": "staging-next",
        "repo": "nixpkgs",
        "type": "github"
      }
    },
    "nix-github-actions": {
      "inputs": {
        "nixpkgs": [
          "jovian",
          "nixpkgs"
        ]
      },
      "locked": {
        "lastModified": 1690328911,
        "narHash": "sha256-fxtExYk+aGf2YbjeWQ8JY9/n9dwuEt+ma1eUFzF8Jeo=",
        "owner": "zhaofengli",
        "repo": "nix-github-actions",
        "rev": "96df4a39c52f53cb7098b923224d8ce941b64747",
        "type": "github"
      },
      "original": {
        "owner": "zhaofengli",
        "ref": "matrix-name",
        "repo": "nix-github-actions",
        "type": "github"
      }
    },
    "nixos-hardware": {
      "locked": {
        "lastModified": 1706834982,
        "narHash": "sha256-3CfxA7gZ+DVv/N9Pvw61bV5Oe/mWfxYPyVQGqp9TMJA=",
        "owner": "NixOS",
        "repo": "nixos-hardware",
        "rev": "83e571bb291161682b9c3ccd48318f115143a550",
        "type": "github"
      },
      "original": {
        "owner": "NixOS",
        "repo": "nixos-hardware",
        "type": "github"
      }
    },
    "nixpkgs": {
      "locked": {
        "lastModified": 1706913249,
        "narHash": "sha256-x3M7iV++CsvRXI1fpyFPduGELUckZEhSv0XWnUopAG8=",
        "owner": "NixOS",
        "repo": "nixpkgs",
        "rev": "e92b6015881907e698782c77641aa49298330223",
        "type": "github"
      },
      "original": {
        "owner": "NixOS",
        "ref": "nixos-unstable",
        "repo": "nixpkgs",
        "type": "github"
      }
    },
    "paisa": {
      "inputs": {
        "flake-utils": "flake-utils",
        "mkdocs-pkgs": "mkdocs-pkgs",
        "nixpkgs": [
          "nixpkgs"
        ]
      },
      "locked": {
        "lastModified": 1707742857,
        "narHash": "sha256-R/Kgazh7q8PfXjIQNqDAmF9JiQTHJOkH2glM+7RHaz0=",
        "owner": "ananthakumaran",
        "repo": "paisa",
        "rev": "2d0ff91185f0195c1d78153edeb1fe45ab634a0b",
        "type": "github"
      },
      "original": {
        "owner": "ananthakumaran",
        "repo": "paisa",
        "type": "github"
      }
    },
    "root": {
      "inputs": {
        "home-manager": "home-manager",
        "jovian": "jovian",
        "nixos-hardware": "nixos-hardware",
        "nixpkgs": "nixpkgs",
        "paisa": "paisa"
      }
    },
    "systems": {
      "locked": {
        "lastModified": 1681028828,
        "narHash": "sha256-Vy1rq5AaRuLzOxct8nz4T6wlgyUR7zLU309k9mBC768=",
        "owner": "nix-systems",
        "repo": "default",
        "rev": "da67096a3b9bf56a91d16901293e51ba5b49a27e",
        "type": "github"
      },
      "original": {
        "owner": "nix-systems",
        "repo": "default",
        "type": "github"
      }
    }
  },
  "root": "root",
  "version": 7
}
